
Microsoft Visual Studio Solution File, Format Version 12.00
# Visual Studio Version 16
VisualStudioVersion = 16.0.31105.61
MinimumVisualStudioVersion = 10.0.40219.1
Project("{FAE04EC0-301F-11D3-BF4B-00C04F79EFBC}") = "PaySystem1", "PaySystem1\PaySystem1.csproj", "{08173C86-409A-4F37-8CE1-7E6BAE83BC8C}"
EndProject
Project("{FAE04EC0-301F-11D3-BF4B-00C04F79EFBC}") = "PaySystemBL", "PaySystemBL\PaySystemBL.csproj", "{296196CC-AB22-44AE-B64F-221217AD490B}"
EndProject
Global
	GlobalSection(SolutionConfigurationPlatforms) = preSolution
		Debug|Any CPU = Debug|Any CPU
		Release|Any CPU = Release|Any CPU
	EndGlobalSection
	GlobalSection(ProjectConfigurationPlatforms) = postSolution
		{08173C86-409A-4F37-8CE1-7E6BAE83BC8C}.Debug|Any CPU.ActiveCfg = Debug|Any CPU
		{08173C86-409A-4F37-8CE1-7E6BAE83BC8C}.Debug|Any CPU.Build.0 = Debug|Any CPU
		{08173C86-409A-4F37-8CE1-7E6BAE83BC8C}.Release|Any CPU.ActiveCfg = Release|Any CPU
		{08173C86-409A-4F37-8CE1-7E6BAE83BC8C}.Release|Any CPU.Build.0 = Release|Any CPU
		{296196CC-AB22-44AE-B64F-221217AD490B}.Debug|Any CPU.ActiveCfg = Debug|Any CPU
		{296196CC-AB22-44AE-B64F-221217AD490B}.Debug|Any CPU.Build.0 = Debug|Any CPU
		{296196CC-AB22-44AE-B64F-221217AD490B}.Release|Any CPU.ActiveCfg = Release|Any CPU
		{296196CC-AB22-44AE-B64F-221217AD490B}.Release|Any CPU.Build.0 = Release|Any CPU
	EndGlobalSection
	GlobalSection(SolutionProperties) = preSolution
		HideSolutionNode = FALSE
	EndGlobalSection
	GlobalSection(ExtensibilityGlobals) = postSolution
		SolutionGuid = {81FDE43C-1D55-47B5-B20C-4D1032C16114}
	EndGlobalSection
EndGlobal
